{"filter":false,"title":"Gemfile.lock","tooltip":"/Gemfile.lock","undoManager":{"mark":-1,"position":-1,"stack":[]},"ace":{"folds":[],"scrolltop":1513.5,"scrollleft":0,"selection":{"start":{"row":115,"column":4},"end":{"row":115,"column":6},"isBackwards":false},"options":{"guessTabSize":true,"useWrapMode":false,"wrapToView":true},"firstLineState":{"row":93,"state":"start","mode":"ace/mode/text"}},"timestamp":1533953182121,"hash":"d5d61e7eff052628ded4b0650ed7eb91bf233fcf"}